
Microsoft Visual Studio Solution File, Format Version 12.00
# Visual Studio Version 17
VisualStudioVersion = 17.8.34322.80
MinimumVisualStudioVersion = 10.0.40219.1
Project("{2150E333-8FDC-42A3-9474-1A3956D46DE8}") = "src", "src", "{557CF235-A6B7-42B5-90EE-A71160057AA2}"
EndProject
Project("{9A19103F-16F7-4668-BE54-9A1E7A4F7556}") = "QuickTask.API", "src\QuickTask.API\QuickTask.API.csproj", "{164164A6-494A-4B71-BE14-5470896A4D4C}"
EndProject
Project("{9A19103F-16F7-4668-BE54-9A1E7A4F7556}") = "QuickTask.API.Tests", "src\QuickTaskAPI.Tests\QuickTask.API.Tests.csproj", "{E164148F-1C11-4D6D-B690-C80C07789A53}"
EndProject
Global
	GlobalSection(SolutionConfigurationPlatforms) = preSolution
		Debug|Any CPU = Debug|Any CPU
		Release|Any CPU = Release|Any CPU
	EndGlobalSection
	GlobalSection(ProjectConfigurationPlatforms) = postSolution
		{164164A6-494A-4B71-BE14-5470896A4D4C}.Debug|Any CPU.ActiveCfg = Debug|Any CPU
		{164164A6-494A-4B71-BE14-5470896A4D4C}.Debug|Any CPU.Build.0 = Debug|Any CPU
		{164164A6-494A-4B71-BE14-5470896A4D4C}.Release|Any CPU.ActiveCfg = Release|Any CPU
		{164164A6-494A-4B71-BE14-5470896A4D4C}.Release|Any CPU.Build.0 = Release|Any CPU
		{E164148F-1C11-4D6D-B690-C80C07789A53}.Debug|Any CPU.ActiveCfg = Debug|Any CPU
		{E164148F-1C11-4D6D-B690-C80C07789A53}.Debug|Any CPU.Build.0 = Debug|Any CPU
		{E164148F-1C11-4D6D-B690-C80C07789A53}.Release|Any CPU.ActiveCfg = Release|Any CPU
		{E164148F-1C11-4D6D-B690-C80C07789A53}.Release|Any CPU.Build.0 = Release|Any CPU
	EndGlobalSection
	GlobalSection(SolutionProperties) = preSolution
		HideSolutionNode = FALSE
	EndGlobalSection
	GlobalSection(NestedProjects) = preSolution
		{164164A6-494A-4B71-BE14-5470896A4D4C} = {557CF235-A6B7-42B5-90EE-A71160057AA2}
		{E164148F-1C11-4D6D-B690-C80C07789A53} = {557CF235-A6B7-42B5-90EE-A71160057AA2}
	EndGlobalSection
	GlobalSection(ExtensibilityGlobals) = postSolution
		SolutionGuid = {503F1E1E-54F3-4577-B627-ADA0BB5B46E1}
	EndGlobalSection
EndGlobal
